{
  "requires": true,
  "lockfileVersion": 1,
  "dependencies": {
    "vue2-org-tree": {
      "version": "1.3.4",
      "resolved": "https://registry.npmjs.org/vue2-org-tree/-/vue2-org-tree-1.3.4.tgz",
      "integrity": "sha512-EuJipNNrS0fZNFciaVV3u55d9ILSL2eZCf1TnHWVN0Ow5hmx6g4a/Cq7C58ASvQZ64NHsGBZDz4r16STIFe4Tg=="
    }
  }
}
